
Microsoft Visual Studio Solution File, Format Version 12.00
# Visual Studio 15
VisualStudioVersion = 15.0.28307.168
MinimumVisualStudioVersion = 10.0.40219.1
Project("{FAE04EC0-301F-11D3-BF4B-00C04F79EFBC}") = "WebNavigator_Gadget_Watcher", "WebNavigator_Gadget_Watcher.csproj", "{9E315D76-6909-4E81-8C3E-AB1E71F16B79}"
EndProject
Global
	GlobalSection(SolutionConfigurationPlatforms) = preSolution
		Debug|Any CPU = Debug|Any CPU
		DEV_GA|Any CPU = DEV_GA|Any CPU
		Release|Any CPU = Release|Any CPU
	EndGlobalSection
	GlobalSection(ProjectConfigurationPlatforms) = postSolution
		{9E315D76-6909-4E81-8C3E-AB1E71F16B79}.Debug|Any CPU.ActiveCfg = Debug|Any CPU
		{9E315D76-6909-4E81-8C3E-AB1E71F16B79}.Debug|Any CPU.Build.0 = Debug|Any CPU
		{9E315D76-6909-4E81-8C3E-AB1E71F16B79}.DEV_GA|Any CPU.ActiveCfg = DEV_GA|Any CPU
		{9E315D76-6909-4E81-8C3E-AB1E71F16B79}.DEV_GA|Any CPU.Build.0 = DEV_GA|Any CPU
		{9E315D76-6909-4E81-8C3E-AB1E71F16B79}.Release|Any CPU.ActiveCfg = Release|Any CPU
		{9E315D76-6909-4E81-8C3E-AB1E71F16B79}.Release|Any CPU.Build.0 = Release|Any CPU
	EndGlobalSection
	GlobalSection(SolutionProperties) = preSolution
		HideSolutionNode = FALSE
	EndGlobalSection
	GlobalSection(ExtensibilityGlobals) = postSolution
		SolutionGuid = {551324D2-C01A-466F-9E98-5D004C17E85B}
	EndGlobalSection
EndGlobal
